
Microsoft Visual Studio Solution File, Format Version 12.00
# Visual Studio Version 17
VisualStudioVersion = 17.3.32825.248
MinimumVisualStudioVersion = 10.0.40219.1
Project("{888888A0-9F3D-457C-B088-3A5042F75D52}") = "OpenGL", "OpenGL\OpenGL.pyproj", "{1DC81DB6-706D-4C1A-BB01-1DA15DA7936A}"
EndProject
Global
	GlobalSection(SolutionConfigurationPlatforms) = preSolution
		Debug|Any CPU = Debug|Any CPU
		Release|Any CPU = Release|Any CPU
	EndGlobalSection
	GlobalSection(ProjectConfigurationPlatforms) = postSolution
		{1DC81DB6-706D-4C1A-BB01-1DA15DA7936A}.Debug|Any CPU.ActiveCfg = Debug|Any CPU
		{1DC81DB6-706D-4C1A-BB01-1DA15DA7936A}.Release|Any CPU.ActiveCfg = Release|Any CPU
	EndGlobalSection
	GlobalSection(SolutionProperties) = preSolution
		HideSolutionNode = FALSE
	EndGlobalSection
	GlobalSection(ExtensibilityGlobals) = postSolution
		SolutionGuid = {5DEAD083-412F-4137-9E77-FE4FD534D678}
	EndGlobalSection
EndGlobal
